Microsoft Visual Studio Solution File, Format Version 12.00
# Visual Studio 2012
Project("{FAE04EC0-301F-11D3-BF4B-00C04F79EFBC}") = "MangoPack", "MangoPack.csproj", "{A72549AF-F12D-4C16-917D-6F9B19845406}"
EndProject
Global
	GlobalSection(SolutionConfigurationPlatforms) = preSolution
	Debug|Any CPU = Debug|Any CPU
	ExportDebug|Any CPU = ExportDebug|Any CPU
	ExportRelease|Any CPU = ExportRelease|Any CPU
	EndGlobalSection
	GlobalSection(ProjectConfigurationPlatforms) = postSolution
		{A72549AF-F12D-4C16-917D-6F9B19845406}.Debug|Any CPU.ActiveCfg = Debug|Any CPU
		{A72549AF-F12D-4C16-917D-6F9B19845406}.Debug|Any CPU.Build.0 = Debug|Any CPU
		{A72549AF-F12D-4C16-917D-6F9B19845406}.ExportDebug|Any CPU.ActiveCfg = ExportDebug|Any CPU
		{A72549AF-F12D-4C16-917D-6F9B19845406}.ExportDebug|Any CPU.Build.0 = ExportDebug|Any CPU
		{A72549AF-F12D-4C16-917D-6F9B19845406}.ExportRelease|Any CPU.ActiveCfg = ExportRelease|Any CPU
		{A72549AF-F12D-4C16-917D-6F9B19845406}.ExportRelease|Any CPU.Build.0 = ExportRelease|Any CPU
	EndGlobalSection
EndGlobal
